
Microsoft Visual Studio Solution File, Format Version 12.00
# Visual Studio Version 16
VisualStudioVersion = 25.0.1700.6
MinimumVisualStudioVersion = 10.0.40219.1
Project("{FAE04EC0-301F-11D3-BF4B-00C04F79EFBC}") = "AbstractFactoryConcesionaria", "AbstractFactoryConcesionaria\AbstractFactoryConcesionaria.csproj", "{DAE982DA-B572-4E7E-AD47-3B2C29B87AB7}"
EndProject
Global
	GlobalSection(SolutionConfigurationPlatforms) = preSolution
		Debug|Any CPU = Debug|Any CPU
		Release|Any CPU = Release|Any CPU
	EndGlobalSection
	GlobalSection(ProjectConfigurationPlatforms) = postSolution
		{DAE982DA-B572-4E7E-AD47-3B2C29B87AB7}.Debug|Any CPU.ActiveCfg = Debug|Any CPU
		{DAE982DA-B572-4E7E-AD47-3B2C29B87AB7}.Debug|Any CPU.Build.0 = Debug|Any CPU
		{DAE982DA-B572-4E7E-AD47-3B2C29B87AB7}.Release|Any CPU.ActiveCfg = Release|Any CPU
		{DAE982DA-B572-4E7E-AD47-3B2C29B87AB7}.Release|Any CPU.Build.0 = Release|Any CPU
	EndGlobalSection
	GlobalSection(SolutionProperties) = preSolution
		HideSolutionNode = FALSE
	EndGlobalSection
	GlobalSection(ExtensibilityGlobals) = postSolution
		SolutionGuid = {6E37F7AD-BFE5-434E-B623-BE167BB93D51}
	EndGlobalSection
EndGlobal
